
Microsoft Visual Studio Solution File, Format Version 12.00
# Visual Studio Version 17
VisualStudioVersion = 17.13.35825.156 d17.13
MinimumVisualStudioVersion = 10.0.40219.1
Project("{FAE04EC0-301F-11D3-BF4B-00C04F79EFBC}") = "PatikaCrazyMusiciansAPI", "PatikaCrazyMusiciansAPI\PatikaCrazyMusiciansAPI.csproj", "{9027CF2B-8855-497D-9B76-5C779BDCFC98}"
EndProject
Global
	GlobalSection(SolutionConfigurationPlatforms) = preSolution
		Debug|Any CPU = Debug|Any CPU
		Release|Any CPU = Release|Any CPU
	EndGlobalSection
	GlobalSection(ProjectConfigurationPlatforms) = postSolution
		{9027CF2B-8855-497D-9B76-5C779BDCFC98}.Debug|Any CPU.ActiveCfg = Debug|Any CPU
		{9027CF2B-8855-497D-9B76-5C779BDCFC98}.Debug|Any CPU.Build.0 = Debug|Any CPU
		{9027CF2B-8855-497D-9B76-5C779BDCFC98}.Release|Any CPU.ActiveCfg = Release|Any CPU
		{9027CF2B-8855-497D-9B76-5C779BDCFC98}.Release|Any CPU.Build.0 = Release|Any CPU
	EndGlobalSection
	GlobalSection(SolutionProperties) = preSolution
		HideSolutionNode = FALSE
	EndGlobalSection
	GlobalSection(ExtensibilityGlobals) = postSolution
		SolutionGuid = {22A2070C-5CCD-4ABD-8816-8206315F2FFB}
	EndGlobalSection
EndGlobal
