
Microsoft Visual Studio Solution File, Format Version 12.00
# Visual Studio Version 17
VisualStudioVersion = 17.13.35825.156 d17.13
MinimumVisualStudioVersion = 10.0.40219.1
Project("{FAE04EC0-301F-11D3-BF4B-00C04F79EFBC}") = "PatikaCodeFirstBasicAPI", "PatikaCodeFirstBasicAPI\PatikaCodeFirstBasicAPI.csproj", "{AA644628-6DC3-4D44-BCC1-26673745680C}"
EndProject
Global
	GlobalSection(SolutionConfigurationPlatforms) = preSolution
		Debug|Any CPU = Debug|Any CPU
		Release|Any CPU = Release|Any CPU
	EndGlobalSection
	GlobalSection(ProjectConfigurationPlatforms) = postSolution
		{AA644628-6DC3-4D44-BCC1-26673745680C}.Debug|Any CPU.ActiveCfg = Debug|Any CPU
		{AA644628-6DC3-4D44-BCC1-26673745680C}.Debug|Any CPU.Build.0 = Debug|Any CPU
		{AA644628-6DC3-4D44-BCC1-26673745680C}.Release|Any CPU.ActiveCfg = Release|Any CPU
		{AA644628-6DC3-4D44-BCC1-26673745680C}.Release|Any CPU.Build.0 = Release|Any CPU
	EndGlobalSection
	GlobalSection(SolutionProperties) = preSolution
		HideSolutionNode = FALSE
	EndGlobalSection
	GlobalSection(ExtensibilityGlobals) = postSolution
		SolutionGuid = {E38EB172-BC30-4D51-90D7-B1AEFC464867}
	EndGlobalSection
EndGlobal
