
Microsoft Visual Studio Solution File, Format Version 12.00
# Visual Studio Version 17
VisualStudioVersion = 17.13.35825.156 d17.13
MinimumVisualStudioVersion = 10.0.40219.1
Project("{FAE04EC0-301F-11D3-BF4B-00C04F79EFBC}") = "PatikaCodeFirstRelationAPI", "PatikaCodeFirstRelationAPI\PatikaCodeFirstRelationAPI.csproj", "{F5F7A7D8-856C-46A3-B3C4-F4CC38A36BF2}"
EndProject
Global
	GlobalSection(SolutionConfigurationPlatforms) = preSolution
		Debug|Any CPU = Debug|Any CPU
		Release|Any CPU = Release|Any CPU
	EndGlobalSection
	GlobalSection(ProjectConfigurationPlatforms) = postSolution
		{F5F7A7D8-856C-46A3-B3C4-F4CC38A36BF2}.Debug|Any CPU.ActiveCfg = Debug|Any CPU
		{F5F7A7D8-856C-46A3-B3C4-F4CC38A36BF2}.Debug|Any CPU.Build.0 = Debug|Any CPU
		{F5F7A7D8-856C-46A3-B3C4-F4CC38A36BF2}.Release|Any CPU.ActiveCfg = Release|Any CPU
		{F5F7A7D8-856C-46A3-B3C4-F4CC38A36BF2}.Release|Any CPU.Build.0 = Release|Any CPU
	EndGlobalSection
	GlobalSection(SolutionProperties) = preSolution
		HideSolutionNode = FALSE
	EndGlobalSection
	GlobalSection(ExtensibilityGlobals) = postSolution
		SolutionGuid = {7757B6F5-ECCB-46B3-B75A-30B19A56EAE6}
	EndGlobalSection
EndGlobal
