
Microsoft Visual Studio Solution File, Format Version 12.00
# Visual Studio Version 17
VisualStudioVersion = 17.13.35919.96 d17.13
MinimumVisualStudioVersion = 10.0.40219.1
Project("{FAE04EC0-301F-11D3-BF4B-00C04F79EFBC}") = "PatikaLMSCoreProject.WebApi", "PatikaLMSCoreProject.WebApi\PatikaLMSCoreProject.WebApi.csproj", "{B5BD011B-E459-4DA7-B802-DC11BF9BDAB6}"
EndProject
Project("{FAE04EC0-301F-11D3-BF4B-00C04F79EFBC}") = "PatikaLMSCoreProject.Data", "PatikaLMSCoreProject.Data\PatikaLMSCoreProject.Data.csproj", "{CCBE483C-6372-4051-BCE9-C25ED9B366EB}"
EndProject
Project("{FAE04EC0-301F-11D3-BF4B-00C04F79EFBC}") = "PatikaLMSCoreProject.Business", "PatikaLMSCoreProject.Business\PatikaLMSCoreProject.Business.csproj", "{A3672732-A30B-4EDC-834F-66DAD0BC83DF}"
EndProject
Global
	GlobalSection(SolutionConfigurationPlatforms) = preSolution
		Debug|Any CPU = Debug|Any CPU
		Release|Any CPU = Release|Any CPU
	EndGlobalSection
	GlobalSection(ProjectConfigurationPlatforms) = postSolution
		{B5BD011B-E459-4DA7-B802-DC11BF9BDAB6}.Debug|Any CPU.ActiveCfg = Debug|Any CPU
		{B5BD011B-E459-4DA7-B802-DC11BF9BDAB6}.Debug|Any CPU.Build.0 = Debug|Any CPU
		{B5BD011B-E459-4DA7-B802-DC11BF9BDAB6}.Release|Any CPU.ActiveCfg = Release|Any CPU
		{B5BD011B-E459-4DA7-B802-DC11BF9BDAB6}.Release|Any CPU.Build.0 = Release|Any CPU
		{CCBE483C-6372-4051-BCE9-C25ED9B366EB}.Debug|Any CPU.ActiveCfg = Debug|Any CPU
		{CCBE483C-6372-4051-BCE9-C25ED9B366EB}.Debug|Any CPU.Build.0 = Debug|Any CPU
		{CCBE483C-6372-4051-BCE9-C25ED9B366EB}.Release|Any CPU.ActiveCfg = Release|Any CPU
		{CCBE483C-6372-4051-BCE9-C25ED9B366EB}.Release|Any CPU.Build.0 = Release|Any CPU
		{A3672732-A30B-4EDC-834F-66DAD0BC83DF}.Debug|Any CPU.ActiveCfg = Debug|Any CPU
		{A3672732-A30B-4EDC-834F-66DAD0BC83DF}.Debug|Any CPU.Build.0 = Debug|Any CPU
		{A3672732-A30B-4EDC-834F-66DAD0BC83DF}.Release|Any CPU.ActiveCfg = Release|Any CPU
		{A3672732-A30B-4EDC-834F-66DAD0BC83DF}.Release|Any CPU.Build.0 = Release|Any CPU
	EndGlobalSection
	GlobalSection(SolutionProperties) = preSolution
		HideSolutionNode = FALSE
	EndGlobalSection
	GlobalSection(ExtensibilityGlobals) = postSolution
		SolutionGuid = {B2D0C4AC-9B77-4492-87F6-4F8F3A03BAFC}
	EndGlobalSection
EndGlobal
