
Microsoft Visual Studio Solution File, Format Version 12.00
# Visual Studio Version 17
VisualStudioVersion = 17.13.35818.85 d17.13
MinimumVisualStudioVersion = 10.0.40219.1
Project("{FAE04EC0-301F-11D3-BF4B-00C04F79EFBC}") = "PatikaMVCLibraryProject", "PatikaMVCLibraryProject\PatikaMVCLibraryProject.csproj", "{42AAE1FF-4290-4636-A85C-AC87D393D5F8}"
EndProject
Global
	GlobalSection(SolutionConfigurationPlatforms) = preSolution
		Debug|Any CPU = Debug|Any CPU
		Release|Any CPU = Release|Any CPU
	EndGlobalSection
	GlobalSection(ProjectConfigurationPlatforms) = postSolution
		{42AAE1FF-4290-4636-A85C-AC87D393D5F8}.Debug|Any CPU.ActiveCfg = Debug|Any CPU
		{42AAE1FF-4290-4636-A85C-AC87D393D5F8}.Debug|Any CPU.Build.0 = Debug|Any CPU
		{42AAE1FF-4290-4636-A85C-AC87D393D5F8}.Release|Any CPU.ActiveCfg = Release|Any CPU
		{42AAE1FF-4290-4636-A85C-AC87D393D5F8}.Release|Any CPU.Build.0 = Release|Any CPU
	EndGlobalSection
	GlobalSection(SolutionProperties) = preSolution
		HideSolutionNode = FALSE
	EndGlobalSection
	GlobalSection(ExtensibilityGlobals) = postSolution
		SolutionGuid = {C9F9107E-01F3-4614-95C8-4EBAFB5C7DE5}
	EndGlobalSection
EndGlobal
